
Microsoft Visual Studio Solution File, Format Version 12.00
# Visual Studio Version 16
VisualStudioVersion = 16.0.30523.141
MinimumVisualStudioVersion = 10.0.40219.1
Project("{FAE04EC0-301F-11D3-BF4B-00C04F79EFBC}") = "Developer", "Developer\Developer.csproj", "{442F7933-1386-40BB-B3BC-E80949E64D79}"
EndProject
Global
	GlobalSection(SolutionConfigurationPlatforms) = preSolution
		Debug|Any CPU = Debug|Any CPU
		Release|Any CPU = Release|Any CPU
	EndGlobalSection
	GlobalSection(ProjectConfigurationPlatforms) = postSolution
		{442F7933-1386-40BB-B3BC-E80949E64D79}.Debug|Any CPU.ActiveCfg = Debug|Any CPU
		{442F7933-1386-40BB-B3BC-E80949E64D79}.Debug|Any CPU.Build.0 = Debug|Any CPU
		{442F7933-1386-40BB-B3BC-E80949E64D79}.Release|Any CPU.ActiveCfg = Release|Any CPU
		{442F7933-1386-40BB-B3BC-E80949E64D79}.Release|Any CPU.Build.0 = Release|Any CPU
	EndGlobalSection
	GlobalSection(SolutionProperties) = preSolution
		HideSolutionNode = FALSE
	EndGlobalSection
	GlobalSection(ExtensibilityGlobals) = postSolution
		SolutionGuid = {13DA67B4-02D7-41E3-92CA-B057D5DB1BA9}
	EndGlobalSection
EndGlobal
